
Microsoft Visual Studio Solution File, Format Version 12.00
# Visual Studio 14
VisualStudioVersion = 14.0.24720.0
MinimumVisualStudioVersion = 10.0.40219.1
Project("{E24C65DC-7377-472B-9ABA-BC803B73C61A}") = "TrainLocation", "E:\项目\火车站\CODE\TrainLocation\", "{043660D4-80A9-4D00-9FA4-5E4ED4A4A293}"
	ProjectSection(WebsiteProperties) = preProject
		TargetFrameworkMoniker = ".NETFramework,Version%3Dv4.5"
		Debug.AspNetCompiler.VirtualPath = "/localhost_2878"
		Debug.AspNetCompiler.PhysicalPath = "E:\项目\火车站\CODE\TrainLocation\"
		Debug.AspNetCompiler.TargetPath = "PrecompiledWeb\localhost_2878\"
		Debug.AspNetCompiler.Updateable = "true"
		Debug.AspNetCompiler.ForceOverwrite = "true"
		Debug.AspNetCompiler.FixedNames = "false"
		Debug.AspNetCompiler.Debug = "True"
		Release.AspNetCompiler.VirtualPath = "/localhost_2878"
		Release.AspNetCompiler.PhysicalPath = "E:\项目\火车站\CODE\TrainLocation\"
		Release.AspNetCompiler.TargetPath = "PrecompiledWeb\localhost_2878\"
		Release.AspNetCompiler.Updateable = "true"
		Release.AspNetCompiler.ForceOverwrite = "true"
		Release.AspNetCompiler.FixedNames = "false"
		Release.AspNetCompiler.Debug = "False"
		VWDPort = "2878"
		SlnRelativePath = "E:\项目\火车站\CODE\TrainLocation\"
	EndProjectSection
EndProject
Global
	GlobalSection(SolutionConfigurationPlatforms) = preSolution
		Debug|Any CPU = Debug|Any CPU
	EndGlobalSection
	GlobalSection(ProjectConfigurationPlatforms) = postSolution
		{043660D4-80A9-4D00-9FA4-5E4ED4A4A293}.Debug|Any CPU.ActiveCfg = Debug|Any CPU
		{043660D4-80A9-4D00-9FA4-5E4ED4A4A293}.Debug|Any CPU.Build.0 = Debug|Any CPU
	EndGlobalSection
	GlobalSection(SolutionProperties) = preSolution
		HideSolutionNode = FALSE
	EndGlobalSection
EndGlobal
